Microsoft Visual Studio Solution File, Format Version 12.00
# Visual Studio Version 17
VisualStudioVersion = 17.5.2.0
MinimumVisualStudioVersion = 10.0.40219.1
Project("{FAE04EC0-301F-11D3-BF4B-00C04F79EFBC}") = "HVASee", "azure-function\HVASee.csproj", "{10BBBF34-A8E7-83AE-2E06-F56E6080DF74}"
EndProject
Global
	GlobalSection(SolutionConfigurationPlatforms) = preSolution
		Debug|Any CPU = Debug|Any CPU
		Release|Any CPU = Release|Any CPU
	EndGlobalSection
	GlobalSection(ProjectConfigurationPlatforms) = postSolution
		{10BBBF34-A8E7-83AE-2E06-F56E6080DF74}.Debug|Any CPU.ActiveCfg = Debug|Any CPU
		{10BBBF34-A8E7-83AE-2E06-F56E6080DF74}.Debug|Any CPU.Build.0 = Debug|Any CPU
		{10BBBF34-A8E7-83AE-2E06-F56E6080DF74}.Release|Any CPU.ActiveCfg = Release|Any CPU
		{10BBBF34-A8E7-83AE-2E06-F56E6080DF74}.Release|Any CPU.Build.0 = Release|Any CPU
	EndGlobalSection
	GlobalSection(SolutionProperties) = preSolution
		HideSolutionNode = FALSE
	EndGlobalSection
	GlobalSection(ExtensibilityGlobals) = postSolution
		SolutionGuid = {5CE5CA03-3E8B-40DA-A151-C31465212459}
	EndGlobalSection
EndGlobal
